
Microsoft Visual Studio Solution File, Format Version 12.00
# Visual Studio Version 17
VisualStudioVersion = 17.5.002.0
MinimumVisualStudioVersion = 10.0.40219.1
Project("{9A19103F-16F7-4668-BE54-9A1E7A4F7556}") = "task1", "task1\task1.csproj", "{6C9118B4-7553-4508-860B-4AE504B4B465}"
EndProject
Project("{9A19103F-16F7-4668-BE54-9A1E7A4F7556}") = "tassk2", "tassk2\tassk2.csproj", "{3F8E72B1-3915-4CFE-BE1E-6D82B458CEA4}"
EndProject
Global
	GlobalSection(SolutionConfigurationPlatforms) = preSolution
		Debug|Any CPU = Debug|Any CPU
		Release|Any CPU = Release|Any CPU
	EndGlobalSection
	GlobalSection(ProjectConfigurationPlatforms) = postSolution
		{6C9118B4-7553-4508-860B-4AE504B4B465}.Debug|Any CPU.ActiveCfg = Debug|Any CPU
		{6C9118B4-7553-4508-860B-4AE504B4B465}.Debug|Any CPU.Build.0 = Debug|Any CPU
		{6C9118B4-7553-4508-860B-4AE504B4B465}.Release|Any CPU.ActiveCfg = Release|Any CPU
		{6C9118B4-7553-4508-860B-4AE504B4B465}.Release|Any CPU.Build.0 = Release|Any CPU
		{3F8E72B1-3915-4CFE-BE1E-6D82B458CEA4}.Debug|Any CPU.ActiveCfg = Debug|Any CPU
		{3F8E72B1-3915-4CFE-BE1E-6D82B458CEA4}.Debug|Any CPU.Build.0 = Debug|Any CPU
		{3F8E72B1-3915-4CFE-BE1E-6D82B458CEA4}.Release|Any CPU.ActiveCfg = Release|Any CPU
		{3F8E72B1-3915-4CFE-BE1E-6D82B458CEA4}.Release|Any CPU.Build.0 = Release|Any CPU
	EndGlobalSection
	GlobalSection(SolutionProperties) = preSolution
		HideSolutionNode = FALSE
	EndGlobalSection
	GlobalSection(ExtensibilityGlobals) = postSolution
		SolutionGuid = {840BB6D5-4F66-41BE-B169-7239BF5EAF4E}
	EndGlobalSection
EndGlobal
